
Microsoft Visual Studio Solution File, Format Version 12.00
# Visual Studio Version 17
VisualStudioVersion = 17.12.35527.113 d17.12
MinimumVisualStudioVersion = 10.0.40219.1
Project("{9092AA53-FB77-4645-B42D-1CCCA6BD08BD}") = "backend", "backend\backend.njsproj", "{591004F7-8640-46BD-B0A2-46242E78BEEF}"
EndProject
Global
	GlobalSection(SolutionConfigurationPlatforms) = preSolution
		Debug|Any CPU = Debug|Any CPU
		Release|Any CPU = Release|Any CPU
	EndGlobalSection
	GlobalSection(ProjectConfigurationPlatforms) = postSolution
		{591004F7-8640-46BD-B0A2-46242E78BEEF}.Debug|Any CPU.ActiveCfg = Debug|Any CPU
		{591004F7-8640-46BD-B0A2-46242E78BEEF}.Debug|Any CPU.Build.0 = Debug|Any CPU
		{591004F7-8640-46BD-B0A2-46242E78BEEF}.Release|Any CPU.ActiveCfg = Release|Any CPU
		{591004F7-8640-46BD-B0A2-46242E78BEEF}.Release|Any CPU.Build.0 = Release|Any CPU
	EndGlobalSection
	GlobalSection(SolutionProperties) = preSolution
		HideSolutionNode = FALSE
	EndGlobalSection
EndGlobal
